
Microsoft Visual Studio Solution File, Format Version 12.00
# Visual Studio 15
VisualStudioVersion = 15.0.27428.2015
MinimumVisualStudioVersion = 10.0.40219.1
Project("{FAE04EC0-301F-11D3-BF4B-00C04F79EFBC}") = "TestExtension", "TestExtension\TestExtension.csproj", "{473CC7FA-4D32-4320-AE9A-CA7D846D7280}"
EndProject
Project("{FAE04EC0-301F-11D3-BF4B-00C04F79EFBC}") = "TestExtensionInstaller", "TestExtensionInstaller\TestExtensionInstaller.csproj", "{2826440D-9F4D-4F19-81DC-BCE2B01469D9}"
EndProject
Global
	GlobalSection(SolutionConfigurationPlatforms) = preSolution
		Debug|Any CPU = Debug|Any CPU
		Release|Any CPU = Release|Any CPU
	EndGlobalSection
	GlobalSection(ProjectConfigurationPlatforms) = postSolution
		{473CC7FA-4D32-4320-AE9A-CA7D846D7280}.Debug|Any CPU.ActiveCfg = Debug|Any CPU
		{473CC7FA-4D32-4320-AE9A-CA7D846D7280}.Debug|Any CPU.Build.0 = Debug|Any CPU
		{473CC7FA-4D32-4320-AE9A-CA7D846D7280}.Release|Any CPU.ActiveCfg = Release|Any CPU
		{473CC7FA-4D32-4320-AE9A-CA7D846D7280}.Release|Any CPU.Build.0 = Release|Any CPU
		{2826440D-9F4D-4F19-81DC-BCE2B01469D9}.Debug|Any CPU.ActiveCfg = Debug|Any CPU
		{2826440D-9F4D-4F19-81DC-BCE2B01469D9}.Debug|Any CPU.Build.0 = Debug|Any CPU
		{2826440D-9F4D-4F19-81DC-BCE2B01469D9}.Release|Any CPU.ActiveCfg = Release|Any CPU
		{2826440D-9F4D-4F19-81DC-BCE2B01469D9}.Release|Any CPU.Build.0 = Release|Any CPU
	EndGlobalSection
	GlobalSection(SolutionProperties) = preSolution
		HideSolutionNode = FALSE
	EndGlobalSection
	GlobalSection(ExtensibilityGlobals) = postSolution
		SolutionGuid = {2CE41484-8EBC-4905-AA78-E953E9E6A1AF}
	EndGlobalSection
EndGlobal
